
Microsoft Visual Studio Solution File, Format Version 12.00
# Visual Studio 15
VisualStudioVersion = 15.0.28307.960
MinimumVisualStudioVersion = 10.0.40219.1
Project("{FAE04EC0-301F-11D3-BF4B-00C04F79EFBC}") = "windowstudio", "windowstudio\windowstudio.csproj", "{8DE27A0E-05B0-4CBD-9112-D468D29FC3BE}"
EndProject
Global
	GlobalSection(SolutionConfigurationPlatforms) = preSolution
		Debug|Any CPU = Debug|Any CPU
		Release|Any CPU = Release|Any CPU
	EndGlobalSection
	GlobalSection(ProjectConfigurationPlatforms) = postSolution
		{8DE27A0E-05B0-4CBD-9112-D468D29FC3BE}.Debug|Any CPU.ActiveCfg = Debug|Any CPU
		{8DE27A0E-05B0-4CBD-9112-D468D29FC3BE}.Debug|Any CPU.Build.0 = Debug|Any CPU
		{8DE27A0E-05B0-4CBD-9112-D468D29FC3BE}.Release|Any CPU.ActiveCfg = Release|Any CPU
		{8DE27A0E-05B0-4CBD-9112-D468D29FC3BE}.Release|Any CPU.Build.0 = Release|Any CPU
	EndGlobalSection
	GlobalSection(SolutionProperties) = preSolution
		HideSolutionNode = FALSE
	EndGlobalSection
	GlobalSection(ExtensibilityGlobals) = postSolution
		SolutionGuid = {1D1E9CEE-72C1-430A-90E7-A36FD52ACE49}
	EndGlobalSection
EndGlobal
